
Microsoft Visual Studio Solution File, Format Version 12.00
# Visual Studio 14
VisualStudioVersion = 14.0.25123.0
MinimumVisualStudioVersion = 10.0.40219.1
Project("{FAE04EC0-301F-11D3-BF4B-00C04F79EFBC}") = "Sample.Core", "Sample.Core\Sample.Core.csproj", "{C954DCD2-9E42-43FC-B6C1-4FA9B892CFA5}"
EndProject
Project("{FAE04EC0-301F-11D3-BF4B-00C04F79EFBC}") = "Sample.Droid", "Sample.Droid\Sample.Droid.csproj", "{FDD8036D-C15D-4079-B534-DFD5D3056652}"
EndProject
Project("{FAE04EC0-301F-11D3-BF4B-00C04F79EFBC}") = "Sample.UWP", "Sample.UWP\Sample.UWP.csproj", "{4AAC54B0-20DB-4B11-A7FD-C4331BE8A24A}"
EndProject
Project("{FAE04EC0-301F-11D3-BF4B-00C04F79EFBC}") = "Sample.iOS", "Sample.iOS\Sample.iOS.csproj", "{C1607380-2DDC-4DA2-B848-3337DCD6315D}"
EndProject
Global
	GlobalSection(SolutionConfigurationPlatforms) = preSolution
		Ad-Hoc|Any CPU = Ad-Hoc|Any CPU
		Ad-Hoc|ARM = Ad-Hoc|ARM
		Ad-Hoc|iPhone = Ad-Hoc|iPhone
		Ad-Hoc|iPhoneSimulator = Ad-Hoc|iPhoneSimulator
		Ad-Hoc|x64 = Ad-Hoc|x64
		Ad-Hoc|x86 = Ad-Hoc|x86
		AppStore|Any CPU = AppStore|Any CPU
		AppStore|ARM = AppStore|ARM
		AppStore|iPhone = AppStore|iPhone
		AppStore|iPhoneSimulator = AppStore|iPhoneSimulator
		AppStore|x64 = AppStore|x64
		AppStore|x86 = AppStore|x86
		Debug|Any CPU = Debug|Any CPU
		Debug|ARM = Debug|ARM
		Debug|iPhone = Debug|iPhone
		Debug|iPhoneSimulator = Debug|iPhoneSimulator
		Debug|x64 = Debug|x64
		Debug|x86 = Debug|x86
		Release|Any CPU = Release|Any CPU
		Release|ARM = Release|ARM
		Release|iPhone = Release|iPhone
		Release|iPhoneSimulator = Release|iPhoneSimulator
		Release|x64 = Release|x64
		Release|x86 = Release|x86
	EndGlobalSection
	GlobalSection(ProjectConfigurationPlatforms) = postSolution
		{C954DCD2-9E42-43FC-B6C1-4FA9B892CFA5}.Ad-Hoc|Any CPU.ActiveCfg = Release|Any CPU
		{C954DCD2-9E42-43FC-B6C1-4FA9B892CFA5}.Ad-Hoc|Any CPU.Build.0 = Release|Any CPU
		{C954DCD2-9E42-43FC-B6C1-4FA9B892CFA5}.Ad-Hoc|ARM.ActiveCfg = Release|Any CPU
		{C954DCD2-9E42-43FC-B6C1-4FA9B892CFA5}.Ad-Hoc|ARM.Build.0 = Release|Any CPU
		{C954DCD2-9E42-43FC-B6C1-4FA9B892CFA5}.Ad-Hoc|iPhone.ActiveCfg = Release|Any CPU
		{C954DCD2-9E42-43FC-B6C1-4FA9B892CFA5}.Ad-Hoc|iPhone.Build.0 = Release|Any CPU
		{C954DCD2-9E42-43FC-B6C1-4FA9B892CFA5}.Ad-Hoc|iPhoneSimulator.ActiveCfg = Release|Any CPU
		{C954DCD2-9E42-43FC-B6C1-4FA9B892CFA5}.Ad-Hoc|iPhoneSimulator.Build.0 = Release|Any CPU
		{C954DCD2-9E42-43FC-B6C1-4FA9B892CFA5}.Ad-Hoc|x64.ActiveCfg = Release|Any CPU
		{C954DCD2-9E42-43FC-B6C1-4FA9B892CFA5}.Ad-Hoc|x64.Build.0 = Release|Any CPU
		{C954DCD2-9E42-43FC-B6C1-4FA9B892CFA5}.Ad-Hoc|x86.ActiveCfg = Release|Any CPU
		{C954DCD2-9E42-43FC-B6C1-4FA9B892CFA5}.Ad-Hoc|x86.Build.0 = Release|Any CPU
		{C954DCD2-9E42-43FC-B6C1-4FA9B892CFA5}.AppStore|Any CPU.ActiveCfg = Release|Any CPU
		{C954DCD2-9E42-43FC-B6C1-4FA9B892CFA5}.AppStore|Any CPU.Build.0 = Release|Any CPU
		{C954DCD2-9E42-43FC-B6C1-4FA9B892CFA5}.AppStore|ARM.ActiveCfg = Release|Any CPU
		{C954DCD2-9E42-43FC-B6C1-4FA9B892CFA5}.AppStore|ARM.Build.0 = Release|Any CPU
		{C954DCD2-9E42-43FC-B6C1-4FA9B892CFA5}.AppStore|iPhone.ActiveCfg = Release|Any CPU
		{C954DCD2-9E42-43FC-B6C1-4FA9B892CFA5}.AppStore|iPhone.Build.0 = Release|Any CPU
		{C954DCD2-9E42-43FC-B6C1-4FA9B892CFA5}.AppStore|iPhoneSimulator.ActiveCfg = Release|Any CPU
		{C954DCD2-9E42-43FC-B6C1-4FA9B892CFA5}.AppStore|iPhoneSimulator.Build.0 = Release|Any CPU
		{C954DCD2-9E42-43FC-B6C1-4FA9B892CFA5}.AppStore|x64.ActiveCfg = Release|Any CPU
		{C954DCD2-9E42-43FC-B6C1-4FA9B892CFA5}.AppStore|x64.Build.0 = Release|Any CPU
		{C954DCD2-9E42-43FC-B6C1-4FA9B892CFA5}.AppStore|x86.ActiveCfg = Release|Any CPU
		{C954DCD2-9E42-43FC-B6C1-4FA9B892CFA5}.AppStore|x86.Build.0 = Release|Any CPU
		{C954DCD2-9E42-43FC-B6C1-4FA9B892CFA5}.Debug|Any CPU.ActiveCfg = Debug|Any CPU
		{C954DCD2-9E42-43FC-B6C1-4FA9B892CFA5}.Debug|Any CPU.Build.0 = Debug|Any CPU
		{C954DCD2-9E42-43FC-B6C1-4FA9B892CFA5}.Debug|ARM.ActiveCfg = Debug|Any CPU
		{C954DCD2-9E42-43FC-B6C1-4FA9B892CFA5}.Debug|ARM.Build.0 = Debug|Any CPU
		{C954DCD2-9E42-43FC-B6C1-4FA9B892CFA5}.Debug|iPhone.ActiveCfg = Debug|Any CPU
		{C954DCD2-9E42-43FC-B6C1-4FA9B892CFA5}.Debug|iPhone.Build.0 = Debug|Any CPU
		{C954DCD2-9E42-43FC-B6C1-4FA9B892CFA5}.Debug|iPhoneSimulator.ActiveCfg = Debug|Any CPU
		{C954DCD2-9E42-43FC-B6C1-4FA9B892CFA5}.Debug|iPhoneSimulator.Build.0 = Debug|Any CPU
		{C954DCD2-9E42-43FC-B6C1-4FA9B892CFA5}.Debug|x64.ActiveCfg = Debug|Any CPU
		{C954DCD2-9E42-43FC-B6C1-4FA9B892CFA5}.Debug|x64.Build.0 = Debug|Any CPU
		{C954DCD2-9E42-43FC-B6C1-4FA9B892CFA5}.Debug|x86.ActiveCfg = Debug|Any CPU
		{C954DCD2-9E42-43FC-B6C1-4FA9B892CFA5}.Debug|x86.Build.0 = Debug|Any CPU
		{C954DCD2-9E42-43FC-B6C1-4FA9B892CFA5}.Release|Any CPU.ActiveCfg = Release|Any CPU
		{C954DCD2-9E42-43FC-B6C1-4FA9B892CFA5}.Release|Any CPU.Build.0 = Release|Any CPU
		{C954DCD2-9E42-43FC-B6C1-4FA9B892CFA5}.Release|ARM.ActiveCfg = Release|Any CPU
		{C954DCD2-9E42-43FC-B6C1-4FA9B892CFA5}.Release|ARM.Build.0 = Release|Any CPU
		{C954DCD2-9E42-43FC-B6C1-4FA9B892CFA5}.Release|iPhone.ActiveCfg = Release|Any CPU
		{C954DCD2-9E42-43FC-B6C1-4FA9B892CFA5}.Release|iPhone.Build.0 = Release|Any CPU
		{C954DCD2-9E42-43FC-B6C1-4FA9B892CFA5}.Release|iPhoneSimulator.ActiveCfg = Release|Any CPU
		{C954DCD2-9E42-43FC-B6C1-4FA9B892CFA5}.Release|iPhoneSimulator.Build.0 = Release|Any CPU
		{C954DCD2-9E42-43FC-B6C1-4FA9B892CFA5}.Release|x64.ActiveCfg = Release|Any CPU
		{C954DCD2-9E42-43FC-B6C1-4FA9B892CFA5}.Release|x64.Build.0 = Release|Any CPU
		{C954DCD2-9E42-43FC-B6C1-4FA9B892CFA5}.Release|x86.ActiveCfg = Release|Any CPU
		{C954DCD2-9E42-43FC-B6C1-4FA9B892CFA5}.Release|x86.Build.0 = Release|Any CPU
		{FDD8036D-C15D-4079-B534-DFD5D3056652}.Ad-Hoc|Any CPU.ActiveCfg = Release|Any CPU
		{FDD8036D-C15D-4079-B534-DFD5D3056652}.Ad-Hoc|Any CPU.Build.0 = Release|Any CPU
		{FDD8036D-C15D-4079-B534-DFD5D3056652}.Ad-Hoc|Any CPU.Deploy.0 = Release|Any CPU
		{FDD8036D-C15D-4079-B534-DFD5D3056652}.Ad-Hoc|ARM.ActiveCfg = Release|Any CPU
		{FDD8036D-C15D-4079-B534-DFD5D3056652}.Ad-Hoc|ARM.Build.0 = Release|Any CPU
		{FDD8036D-C15D-4079-B534-DFD5D3056652}.Ad-Hoc|ARM.Deploy.0 = Release|Any CPU
		{FDD8036D-C15D-4079-B534-DFD5D3056652}.Ad-Hoc|iPhone.ActiveCfg = Release|Any CPU
		{FDD8036D-C15D-4079-B534-DFD5D3056652}.Ad-Hoc|iPhone.Build.0 = Release|Any CPU
		{FDD8036D-C15D-4079-B534-DFD5D3056652}.Ad-Hoc|iPhone.Deploy.0 = Release|Any CPU
		{FDD8036D-C15D-4079-B534-DFD5D3056652}.Ad-Hoc|iPhoneSimulator.ActiveCfg = Release|Any CPU
		{FDD8036D-C15D-4079-B534-DFD5D3056652}.Ad-Hoc|iPhoneSimulator.Build.0 = Release|Any CPU
		{FDD8036D-C15D-4079-B534-DFD5D3056652}.Ad-Hoc|iPhoneSimulator.Deploy.0 = Release|Any CPU
		{FDD8036D-C15D-4079-B534-DFD5D3056652}.Ad-Hoc|x64.ActiveCfg = Release|Any CPU
		{FDD8036D-C15D-4079-B534-DFD5D3056652}.Ad-Hoc|x64.Build.0 = Release|Any CPU
		{FDD8036D-C15D-4079-B534-DFD5D3056652}.Ad-Hoc|x64.Deploy.0 = Release|Any CPU
		{FDD8036D-C15D-4079-B534-DFD5D3056652}.Ad-Hoc|x86.ActiveCfg = Release|Any CPU
		{FDD8036D-C15D-4079-B534-DFD5D3056652}.Ad-Hoc|x86.Build.0 = Release|Any CPU
		{FDD8036D-C15D-4079-B534-DFD5D3056652}.Ad-Hoc|x86.Deploy.0 = Release|Any CPU
		{FDD8036D-C15D-4079-B534-DFD5D3056652}.AppStore|Any CPU.ActiveCfg = Release|Any CPU
		{FDD8036D-C15D-4079-B534-DFD5D3056652}.AppStore|Any CPU.Build.0 = Release|Any CPU
		{FDD8036D-C15D-4079-B534-DFD5D3056652}.AppStore|Any CPU.Deploy.0 = Release|Any CPU
		{FDD8036D-C15D-4079-B534-DFD5D3056652}.AppStore|ARM.ActiveCfg = Release|Any CPU
		{FDD8036D-C15D-4079-B534-DFD5D3056652}.AppStore|ARM.Build.0 = Release|Any CPU
		{FDD8036D-C15D-4079-B534-DFD5D3056652}.AppStore|ARM.Deploy.0 = Release|Any CPU
		{FDD8036D-C15D-4079-B534-DFD5D3056652}.AppStore|iPhone.ActiveCfg = Release|Any CPU
		{FDD8036D-C15D-4079-B534-DFD5D3056652}.AppStore|iPhone.Build.0 = Release|Any CPU
		{FDD8036D-C15D-4079-B534-DFD5D3056652}.AppStore|iPhone.Deploy.0 = Release|Any CPU
		{FDD8036D-C15D-4079-B534-DFD5D3056652}.AppStore|iPhoneSimulator.ActiveCfg = Release|Any CPU
		{FDD8036D-C15D-4079-B534-DFD5D3056652}.AppStore|iPhoneSimulator.Build.0 = Release|Any CPU
		{FDD8036D-C15D-4079-B534-DFD5D3056652}.AppStore|iPhoneSimulator.Deploy.0 = Release|Any CPU
		{FDD8036D-C15D-4079-B534-DFD5D3056652}.AppStore|x64.ActiveCfg = Release|Any CPU
		{FDD8036D-C15D-4079-B534-DFD5D3056652}.AppStore|x64.Build.0 = Release|Any CPU
		{FDD8036D-C15D-4079-B534-DFD5D3056652}.AppStore|x64.Deploy.0 = Release|Any CPU
		{FDD8036D-C15D-4079-B534-DFD5D3056652}.AppStore|x86.ActiveCfg = Release|Any CPU
		{FDD8036D-C15D-4079-B534-DFD5D3056652}.AppStore|x86.Build.0 = Release|Any CPU
		{FDD8036D-C15D-4079-B534-DFD5D3056652}.AppStore|x86.Deploy.0 = Release|Any CPU
		{FDD8036D-C15D-4079-B534-DFD5D3056652}.Debug|Any CPU.ActiveCfg = Debug|Any CPU
		{FDD8036D-C15D-4079-B534-DFD5D3056652}.Debug|Any CPU.Build.0 = Debug|Any CPU
		{FDD8036D-C15D-4079-B534-DFD5D3056652}.Debug|Any CPU.Deploy.0 = Debug|Any CPU
		{FDD8036D-C15D-4079-B534-DFD5D3056652}.Debug|ARM.ActiveCfg = Debug|Any CPU
		{FDD8036D-C15D-4079-B534-DFD5D3056652}.Debug|ARM.Build.0 = Debug|Any CPU
		{FDD8036D-C15D-4079-B534-DFD5D3056652}.Debug|ARM.Deploy.0 = Debug|Any CPU
		{FDD8036D-C15D-4079-B534-DFD5D3056652}.Debug|iPhone.ActiveCfg = Debug|Any CPU
		{FDD8036D-C15D-4079-B534-DFD5D3056652}.Debug|iPhone.Build.0 = Debug|Any CPU
		{FDD8036D-C15D-4079-B534-DFD5D3056652}.Debug|iPhone.Deploy.0 = Debug|Any CPU
		{FDD8036D-C15D-4079-B534-DFD5D3056652}.Debug|iPhoneSimulator.ActiveCfg = Debug|Any CPU
		{FDD8036D-C15D-4079-B534-DFD5D3056652}.Debug|iPhoneSimulator.Build.0 = Debug|Any CPU
		{FDD8036D-C15D-4079-B534-DFD5D3056652}.Debug|iPhoneSimulator.Deploy.0 = Debug|Any CPU
		{FDD8036D-C15D-4079-B534-DFD5D3056652}.Debug|x64.ActiveCfg = Debug|Any CPU
		{FDD8036D-C15D-4079-B534-DFD5D3056652}.Debug|x64.Build.0 = Debug|Any CPU
		{FDD8036D-C15D-4079-B534-DFD5D3056652}.Debug|x64.Deploy.0 = Debug|Any CPU
		{FDD8036D-C15D-4079-B534-DFD5D3056652}.Debug|x86.ActiveCfg = Debug|Any CPU
		{FDD8036D-C15D-4079-B534-DFD5D3056652}.Debug|x86.Build.0 = Debug|Any CPU
		{FDD8036D-C15D-4079-B534-DFD5D3056652}.Debug|x86.Deploy.0 = Debug|Any CPU
		{FDD8036D-C15D-4079-B534-DFD5D3056652}.Release|Any CPU.ActiveCfg = Release|Any CPU
		{FDD8036D-C15D-4079-B534-DFD5D3056652}.Release|Any CPU.Build.0 = Release|Any CPU
		{FDD8036D-C15D-4079-B534-DFD5D3056652}.Release|Any CPU.Deploy.0 = Release|Any CPU
		{FDD8036D-C15D-4079-B534-DFD5D3056652}.Release|ARM.ActiveCfg = Release|Any CPU
		{FDD8036D-C15D-4079-B534-DFD5D3056652}.Release|ARM.Build.0 = Release|Any CPU
		{FDD8036D-C15D-4079-B534-DFD5D3056652}.Release|ARM.Deploy.0 = Release|Any CPU
		{FDD8036D-C15D-4079-B534-DFD5D3056652}.Release|iPhone.ActiveCfg = Release|Any CPU
		{FDD8036D-C15D-4079-B534-DFD5D3056652}.Release|iPhone.Build.0 = Release|Any CPU
		{FDD8036D-C15D-4079-B534-DFD5D3056652}.Release|iPhone.Deploy.0 = Release|Any CPU
		{FDD8036D-C15D-4079-B534-DFD5D3056652}.Release|iPhoneSimulator.ActiveCfg = Release|Any CPU
		{FDD8036D-C15D-4079-B534-DFD5D3056652}.Release|iPhoneSimulator.Build.0 = Release|Any CPU
		{FDD8036D-C15D-4079-B534-DFD5D3056652}.Release|iPhoneSimulator.Deploy.0 = Release|Any CPU
		{FDD8036D-C15D-4079-B534-DFD5D3056652}.Release|x64.ActiveCfg = Release|Any CPU
		{FDD8036D-C15D-4079-B534-DFD5D3056652}.Release|x64.Build.0 = Release|Any CPU
		{FDD8036D-C15D-4079-B534-DFD5D3056652}.Release|x64.Deploy.0 = Release|Any CPU
		{FDD8036D-C15D-4079-B534-DFD5D3056652}.Release|x86.ActiveCfg = Release|Any CPU
		{FDD8036D-C15D-4079-B534-DFD5D3056652}.Release|x86.Build.0 = Release|Any CPU
		{FDD8036D-C15D-4079-B534-DFD5D3056652}.Release|x86.Deploy.0 = Release|Any CPU
		{4AAC54B0-20DB-4B11-A7FD-C4331BE8A24A}.Ad-Hoc|Any CPU.ActiveCfg = Release|x64
		{4AAC54B0-20DB-4B11-A7FD-C4331BE8A24A}.Ad-Hoc|Any CPU.Build.0 = Release|x64
		{4AAC54B0-20DB-4B11-A7FD-C4331BE8A24A}.Ad-Hoc|Any CPU.Deploy.0 = Release|x64
		{4AAC54B0-20DB-4B11-A7FD-C4331BE8A24A}.Ad-Hoc|ARM.ActiveCfg = Release|ARM
		{4AAC54B0-20DB-4B11-A7FD-C4331BE8A24A}.Ad-Hoc|ARM.Build.0 = Release|ARM
		{4AAC54B0-20DB-4B11-A7FD-C4331BE8A24A}.Ad-Hoc|ARM.Deploy.0 = Release|ARM
		{4AAC54B0-20DB-4B11-A7FD-C4331BE8A24A}.Ad-Hoc|iPhone.ActiveCfg = Release|x64
		{4AAC54B0-20DB-4B11-A7FD-C4331BE8A24A}.Ad-Hoc|iPhone.Build.0 = Release|x64
		{4AAC54B0-20DB-4B11-A7FD-C4331BE8A24A}.Ad-Hoc|iPhone.Deploy.0 = Release|x64
		{4AAC54B0-20DB-4B11-A7FD-C4331BE8A24A}.Ad-Hoc|iPhoneSimulator.ActiveCfg = Release|x64
		{4AAC54B0-20DB-4B11-A7FD-C4331BE8A24A}.Ad-Hoc|iPhoneSimulator.Build.0 = Release|x64
		{4AAC54B0-20DB-4B11-A7FD-C4331BE8A24A}.Ad-Hoc|iPhoneSimulator.Deploy.0 = Release|x64
		{4AAC54B0-20DB-4B11-A7FD-C4331BE8A24A}.Ad-Hoc|x64.ActiveCfg = Release|x64
		{4AAC54B0-20DB-4B11-A7FD-C4331BE8A24A}.Ad-Hoc|x64.Build.0 = Release|x64
		{4AAC54B0-20DB-4B11-A7FD-C4331BE8A24A}.Ad-Hoc|x64.Deploy.0 = Release|x64
		{4AAC54B0-20DB-4B11-A7FD-C4331BE8A24A}.Ad-Hoc|x86.ActiveCfg = Release|x86
		{4AAC54B0-20DB-4B11-A7FD-C4331BE8A24A}.Ad-Hoc|x86.Build.0 = Release|x86
		{4AAC54B0-20DB-4B11-A7FD-C4331BE8A24A}.Ad-Hoc|x86.Deploy.0 = Release|x86
		{4AAC54B0-20DB-4B11-A7FD-C4331BE8A24A}.AppStore|Any CPU.ActiveCfg = Release|x64
		{4AAC54B0-20DB-4B11-A7FD-C4331BE8A24A}.AppStore|Any CPU.Build.0 = Release|x64
		{4AAC54B0-20DB-4B11-A7FD-C4331BE8A24A}.AppStore|Any CPU.Deploy.0 = Release|x64
		{4AAC54B0-20DB-4B11-A7FD-C4331BE8A24A}.AppStore|ARM.ActiveCfg = Release|ARM
		{4AAC54B0-20DB-4B11-A7FD-C4331BE8A24A}.AppStore|ARM.Build.0 = Release|ARM
		{4AAC54B0-20DB-4B11-A7FD-C4331BE8A24A}.AppStore|ARM.Deploy.0 = Release|ARM
		{4AAC54B0-20DB-4B11-A7FD-C4331BE8A24A}.AppStore|iPhone.ActiveCfg = Release|x64
		{4AAC54B0-20DB-4B11-A7FD-C4331BE8A24A}.AppStore|iPhone.Build.0 = Release|x64
		{4AAC54B0-20DB-4B11-A7FD-C4331BE8A24A}.AppStore|iPhone.Deploy.0 = Release|x64
		{4AAC54B0-20DB-4B11-A7FD-C4331BE8A24A}.AppStore|iPhoneSimulator.ActiveCfg = Release|x64
		{4AAC54B0-20DB-4B11-A7FD-C4331BE8A24A}.AppStore|iPhoneSimulator.Build.0 = Release|x64
		{4AAC54B0-20DB-4B11-A7FD-C4331BE8A24A}.AppStore|iPhoneSimulator.Deploy.0 = Release|x64
		{4AAC54B0-20DB-4B11-A7FD-C4331BE8A24A}.AppStore|x64.ActiveCfg = Release|x64
		{4AAC54B0-20DB-4B11-A7FD-C4331BE8A24A}.AppStore|x64.Build.0 = Release|x64
		{4AAC54B0-20DB-4B11-A7FD-C4331BE8A24A}.AppStore|x64.Deploy.0 = Release|x64
		{4AAC54B0-20DB-4B11-A7FD-C4331BE8A24A}.AppStore|x86.ActiveCfg = Release|x86
		{4AAC54B0-20DB-4B11-A7FD-C4331BE8A24A}.AppStore|x86.Build.0 = Release|x86
		{4AAC54B0-20DB-4B11-A7FD-C4331BE8A24A}.AppStore|x86.Deploy.0 = Release|x86
		{4AAC54B0-20DB-4B11-A7FD-C4331BE8A24A}.Debug|Any CPU.ActiveCfg = Debug|x86
		{4AAC54B0-20DB-4B11-A7FD-C4331BE8A24A}.Debug|Any CPU.Build.0 = Debug|x86
		{4AAC54B0-20DB-4B11-A7FD-C4331BE8A24A}.Debug|ARM.ActiveCfg = Debug|ARM
		{4AAC54B0-20DB-4B11-A7FD-C4331BE8A24A}.Debug|ARM.Build.0 = Debug|ARM
		{4AAC54B0-20DB-4B11-A7FD-C4331BE8A24A}.Debug|ARM.Deploy.0 = Debug|ARM
		{4AAC54B0-20DB-4B11-A7FD-C4331BE8A24A}.Debug|iPhone.ActiveCfg = Debug|x86
		{4AAC54B0-20DB-4B11-A7FD-C4331BE8A24A}.Debug|iPhoneSimulator.ActiveCfg = Debug|x86
		{4AAC54B0-20DB-4B11-A7FD-C4331BE8A24A}.Debug|x64.ActiveCfg = Debug|x64
		{4AAC54B0-20DB-4B11-A7FD-C4331BE8A24A}.Debug|x64.Build.0 = Debug|x64
		{4AAC54B0-20DB-4B11-A7FD-C4331BE8A24A}.Debug|x64.Deploy.0 = Debug|x64
		{4AAC54B0-20DB-4B11-A7FD-C4331BE8A24A}.Debug|x86.ActiveCfg = Debug|x86
		{4AAC54B0-20DB-4B11-A7FD-C4331BE8A24A}.Debug|x86.Build.0 = Debug|x86
		{4AAC54B0-20DB-4B11-A7FD-C4331BE8A24A}.Debug|x86.Deploy.0 = Debug|x86
		{4AAC54B0-20DB-4B11-A7FD-C4331BE8A24A}.Release|Any CPU.ActiveCfg = Release|x86
		{4AAC54B0-20DB-4B11-A7FD-C4331BE8A24A}.Release|ARM.ActiveCfg = Release|ARM
		{4AAC54B0-20DB-4B11-A7FD-C4331BE8A24A}.Release|ARM.Build.0 = Release|ARM
		{4AAC54B0-20DB-4B11-A7FD-C4331BE8A24A}.Release|ARM.Deploy.0 = Release|ARM
		{4AAC54B0-20DB-4B11-A7FD-C4331BE8A24A}.Release|iPhone.ActiveCfg = Release|x86
		{4AAC54B0-20DB-4B11-A7FD-C4331BE8A24A}.Release|iPhoneSimulator.ActiveCfg = Release|x86
		{4AAC54B0-20DB-4B11-A7FD-C4331BE8A24A}.Release|x64.ActiveCfg = Release|x64
		{4AAC54B0-20DB-4B11-A7FD-C4331BE8A24A}.Release|x64.Build.0 = Release|x64
		{4AAC54B0-20DB-4B11-A7FD-C4331BE8A24A}.Release|x64.Deploy.0 = Release|x64
		{4AAC54B0-20DB-4B11-A7FD-C4331BE8A24A}.Release|x86.ActiveCfg = Release|x86
		{4AAC54B0-20DB-4B11-A7FD-C4331BE8A24A}.Release|x86.Build.0 = Release|x86
		{4AAC54B0-20DB-4B11-A7FD-C4331BE8A24A}.Release|x86.Deploy.0 = Release|x86
		{C1607380-2DDC-4DA2-B848-3337DCD6315D}.Ad-Hoc|Any CPU.ActiveCfg = Ad-Hoc|iPhone
		{C1607380-2DDC-4DA2-B848-3337DCD6315D}.Ad-Hoc|ARM.ActiveCfg = Ad-Hoc|iPhone
		{C1607380-2DDC-4DA2-B848-3337DCD6315D}.Ad-Hoc|iPhone.ActiveCfg = Ad-Hoc|iPhone
		{C1607380-2DDC-4DA2-B848-3337DCD6315D}.Ad-Hoc|iPhone.Build.0 = Ad-Hoc|iPhone
		{C1607380-2DDC-4DA2-B848-3337DCD6315D}.Ad-Hoc|iPhoneSimulator.ActiveCfg = Ad-Hoc|iPhoneSimulator
		{C1607380-2DDC-4DA2-B848-3337DCD6315D}.Ad-Hoc|iPhoneSimulator.Build.0 = Ad-Hoc|iPhoneSimulator
		{C1607380-2DDC-4DA2-B848-3337DCD6315D}.Ad-Hoc|x64.ActiveCfg = Ad-Hoc|iPhone
		{C1607380-2DDC-4DA2-B848-3337DCD6315D}.Ad-Hoc|x86.ActiveCfg = Ad-Hoc|iPhone
		{C1607380-2DDC-4DA2-B848-3337DCD6315D}.AppStore|Any CPU.ActiveCfg = AppStore|iPhone
		{C1607380-2DDC-4DA2-B848-3337DCD6315D}.AppStore|ARM.ActiveCfg = AppStore|iPhone
		{C1607380-2DDC-4DA2-B848-3337DCD6315D}.AppStore|iPhone.ActiveCfg = AppStore|iPhone
		{C1607380-2DDC-4DA2-B848-3337DCD6315D}.AppStore|iPhone.Build.0 = AppStore|iPhone
		{C1607380-2DDC-4DA2-B848-3337DCD6315D}.AppStore|iPhoneSimulator.ActiveCfg = AppStore|iPhoneSimulator
		{C1607380-2DDC-4DA2-B848-3337DCD6315D}.AppStore|iPhoneSimulator.Build.0 = AppStore|iPhoneSimulator
		{C1607380-2DDC-4DA2-B848-3337DCD6315D}.AppStore|x64.ActiveCfg = AppStore|iPhone
		{C1607380-2DDC-4DA2-B848-3337DCD6315D}.AppStore|x86.ActiveCfg = AppStore|iPhone
		{C1607380-2DDC-4DA2-B848-3337DCD6315D}.Debug|Any CPU.ActiveCfg = Debug|iPhone
		{C1607380-2DDC-4DA2-B848-3337DCD6315D}.Debug|Any CPU.Build.0 = Debug|iPhone
		{C1607380-2DDC-4DA2-B848-3337DCD6315D}.Debug|ARM.ActiveCfg = Debug|iPhone
		{C1607380-2DDC-4DA2-B848-3337DCD6315D}.Debug|iPhone.ActiveCfg = Debug|iPhone
		{C1607380-2DDC-4DA2-B848-3337DCD6315D}.Debug|iPhone.Build.0 = Debug|iPhone
		{C1607380-2DDC-4DA2-B848-3337DCD6315D}.Debug|iPhoneSimulator.ActiveCfg = Debug|iPhoneSimulator
		{C1607380-2DDC-4DA2-B848-3337DCD6315D}.Debug|iPhoneSimulator.Build.0 = Debug|iPhoneSimulator
		{C1607380-2DDC-4DA2-B848-3337DCD6315D}.Debug|x64.ActiveCfg = Debug|iPhone
		{C1607380-2DDC-4DA2-B848-3337DCD6315D}.Debug|x86.ActiveCfg = Debug|iPhone
		{C1607380-2DDC-4DA2-B848-3337DCD6315D}.Release|Any CPU.ActiveCfg = Release|iPhone
		{C1607380-2DDC-4DA2-B848-3337DCD6315D}.Release|ARM.ActiveCfg = Release|iPhone
		{C1607380-2DDC-4DA2-B848-3337DCD6315D}.Release|iPhone.ActiveCfg = Release|iPhone
		{C1607380-2DDC-4DA2-B848-3337DCD6315D}.Release|iPhone.Build.0 = Release|iPhone
		{C1607380-2DDC-4DA2-B848-3337DCD6315D}.Release|iPhoneSimulator.ActiveCfg = Release|iPhoneSimulator
		{C1607380-2DDC-4DA2-B848-3337DCD6315D}.Release|iPhoneSimulator.Build.0 = Release|iPhoneSimulator
		{C1607380-2DDC-4DA2-B848-3337DCD6315D}.Release|x64.ActiveCfg = Release|iPhone
		{C1607380-2DDC-4DA2-B848-3337DCD6315D}.Release|x86.ActiveCfg = Release|iPhone
	EndGlobalSection
	GlobalSection(SolutionProperties) = preSolution
		HideSolutionNode = FALSE
	EndGlobalSection
	GlobalSection(CodealikeProperties) = postSolution
		SolutionGuid = 33fca483-7868-43ea-9972-bc0321fc7a6d
	EndGlobalSection
EndGlobal
