
Microsoft Visual Studio Solution File, Format Version 12.00
# Visual Studio 14
VisualStudioVersion = 14.0.25123.0
MinimumVisualStudioVersion = 10.0.40219.1
Project("{FAE04EC0-301F-11D3-BF4B-00C04F79EFBC}") = "Sample.Core", "Sample.Core\Sample.Core.csproj", "{C954DCD2-9E42-43FC-B6C1-4FA9B892CFA5}"
EndProject
Global
	GlobalSection(SolutionConfigurationPlatforms) = preSolution
		Debug|Any CPU = Debug|Any CPU
		Release|Any CPU = Release|Any CPU
	EndGlobalSection
	GlobalSection(ProjectConfigurationPlatforms) = postSolution
		{C954DCD2-9E42-43FC-B6C1-4FA9B892CFA5}.Debug|Any CPU.ActiveCfg = Debug|Any CPU
		{C954DCD2-9E42-43FC-B6C1-4FA9B892CFA5}.Debug|Any CPU.Build.0 = Debug|Any CPU
		{C954DCD2-9E42-43FC-B6C1-4FA9B892CFA5}.Release|Any CPU.ActiveCfg = Release|Any CPU
		{C954DCD2-9E42-43FC-B6C1-4FA9B892CFA5}.Release|Any CPU.Build.0 = Release|Any CPU
	EndGlobalSection
	GlobalSection(SolutionProperties) = preSolution
		HideSolutionNode = FALSE
	EndGlobalSection
	GlobalSection(CodealikeProperties) = postSolution
		SolutionGuid = 33fca483-7868-43ea-9972-bc0321fc7a6d
	EndGlobalSection
EndGlobal
